
Microsoft Visual Studio Solution File, Format Version 12.00
# Visual Studio 15
VisualStudioVersion = 15.0.28307.168
MinimumVisualStudioVersion = 10.0.40219.1
Project("{FAE04EC0-301F-11D3-BF4B-00C04F79EFBC}") = "Graphic_test_3", "Graphic_test_3\Graphic_test_3.csproj", "{1A57776A-2264-46BF-AFCF-23C1D3A4CBE8}"
EndProject
Global
	GlobalSection(SolutionConfigurationPlatforms) = preSolution
		Debug|Any CPU = Debug|Any CPU
		Release|Any CPU = Release|Any CPU
	EndGlobalSection
	GlobalSection(ProjectConfigurationPlatforms) = postSolution
		{1A57776A-2264-46BF-AFCF-23C1D3A4CBE8}.Debug|Any CPU.ActiveCfg = Debug|Any CPU
		{1A57776A-2264-46BF-AFCF-23C1D3A4CBE8}.Debug|Any CPU.Build.0 = Debug|Any CPU
		{1A57776A-2264-46BF-AFCF-23C1D3A4CBE8}.Release|Any CPU.ActiveCfg = Release|Any CPU
		{1A57776A-2264-46BF-AFCF-23C1D3A4CBE8}.Release|Any CPU.Build.0 = Release|Any CPU
	EndGlobalSection
	GlobalSection(SolutionProperties) = preSolution
		HideSolutionNode = FALSE
	EndGlobalSection
	GlobalSection(ExtensibilityGlobals) = postSolution
		SolutionGuid = {05774F78-78F4-447D-A8E2-D13BDF2322C9}
	EndGlobalSection
EndGlobal
